
Microsoft Visual Studio Solution File, Format Version 12.00
# Visual Studio 15
VisualStudioVersion = 15.0.28307.1300
MinimumVisualStudioVersion = 10.0.40219.1
Project("{FAE04EC0-301F-11D3-BF4B-00C04F79EFBC}") = "CPUStresser.Android", "CPUStresser\CPUStresser.Android\CPUStresser.Android.csproj", "{B9477378-3DB2-498F-88F1-1D19AB0C4181}"
EndProject
Project("{FAE04EC0-301F-11D3-BF4B-00C04F79EFBC}") = "CPUStresser.iOS", "CPUStresser\CPUStresser.iOS\CPUStresser.iOS.csproj", "{556C4138-835A-42A8-BC8C-A76A5C7A220B}"
EndProject
Project("{FAE04EC0-301F-11D3-BF4B-00C04F79EFBC}") = "CPUStresser.UWP", "CPUStresser\CPUStresser.UWP\CPUStresser.UWP.csproj", "{27D8DD75-5E67-4098-8513-5CE2F5ED1A51}"
EndProject
Project("{FAE04EC0-301F-11D3-BF4B-00C04F79EFBC}") = "CPUStresser", "CPUStresser\CPUStresser\CPUStresser.csproj", "{515B0AEA-6144-4628-98E0-8A05246765FB}"
EndProject
Global
	GlobalSection(SolutionConfigurationPlatforms) = preSolution
		Ad-Hoc|Any CPU = Ad-Hoc|Any CPU
		Ad-Hoc|ARM = Ad-Hoc|ARM
		Ad-Hoc|iPhone = Ad-Hoc|iPhone
		Ad-Hoc|iPhoneSimulator = Ad-Hoc|iPhoneSimulator
		Ad-Hoc|x64 = Ad-Hoc|x64
		Ad-Hoc|x86 = Ad-Hoc|x86
		AppStore|Any CPU = AppStore|Any CPU
		AppStore|ARM = AppStore|ARM
		AppStore|iPhone = AppStore|iPhone
		AppStore|iPhoneSimulator = AppStore|iPhoneSimulator
		AppStore|x64 = AppStore|x64
		AppStore|x86 = AppStore|x86
		Debug|Any CPU = Debug|Any CPU
		Debug|ARM = Debug|ARM
		Debug|iPhone = Debug|iPhone
		Debug|iPhoneSimulator = Debug|iPhoneSimulator
		Debug|x64 = Debug|x64
		Debug|x86 = Debug|x86
		Release|Any CPU = Release|Any CPU
		Release|ARM = Release|ARM
		Release|iPhone = Release|iPhone
		Release|iPhoneSimulator = Release|iPhoneSimulator
		Release|x64 = Release|x64
		Release|x86 = Release|x86
	EndGlobalSection
	GlobalSection(ProjectConfigurationPlatforms) = postSolution
		{B9477378-3DB2-498F-88F1-1D19AB0C4181}.Ad-Hoc|Any CPU.ActiveCfg = Release|Any CPU
		{B9477378-3DB2-498F-88F1-1D19AB0C4181}.Ad-Hoc|Any CPU.Build.0 = Release|Any CPU
		{B9477378-3DB2-498F-88F1-1D19AB0C4181}.Ad-Hoc|Any CPU.Deploy.0 = Release|Any CPU
		{B9477378-3DB2-498F-88F1-1D19AB0C4181}.Ad-Hoc|ARM.ActiveCfg = Release|Any CPU
		{B9477378-3DB2-498F-88F1-1D19AB0C4181}.Ad-Hoc|ARM.Build.0 = Release|Any CPU
		{B9477378-3DB2-498F-88F1-1D19AB0C4181}.Ad-Hoc|ARM.Deploy.0 = Release|Any CPU
		{B9477378-3DB2-498F-88F1-1D19AB0C4181}.Ad-Hoc|iPhone.ActiveCfg = Release|Any CPU
		{B9477378-3DB2-498F-88F1-1D19AB0C4181}.Ad-Hoc|iPhone.Build.0 = Release|Any CPU
		{B9477378-3DB2-498F-88F1-1D19AB0C4181}.Ad-Hoc|iPhone.Deploy.0 = Release|Any CPU
		{B9477378-3DB2-498F-88F1-1D19AB0C4181}.Ad-Hoc|iPhoneSimulator.ActiveCfg = Release|Any CPU
		{B9477378-3DB2-498F-88F1-1D19AB0C4181}.Ad-Hoc|iPhoneSimulator.Build.0 = Release|Any CPU
		{B9477378-3DB2-498F-88F1-1D19AB0C4181}.Ad-Hoc|iPhoneSimulator.Deploy.0 = Release|Any CPU
		{B9477378-3DB2-498F-88F1-1D19AB0C4181}.Ad-Hoc|x64.ActiveCfg = Release|Any CPU
		{B9477378-3DB2-498F-88F1-1D19AB0C4181}.Ad-Hoc|x64.Build.0 = Release|Any CPU
		{B9477378-3DB2-498F-88F1-1D19AB0C4181}.Ad-Hoc|x64.Deploy.0 = Release|Any CPU
		{B9477378-3DB2-498F-88F1-1D19AB0C4181}.Ad-Hoc|x86.ActiveCfg = Release|Any CPU
		{B9477378-3DB2-498F-88F1-1D19AB0C4181}.Ad-Hoc|x86.Build.0 = Release|Any CPU
		{B9477378-3DB2-498F-88F1-1D19AB0C4181}.Ad-Hoc|x86.Deploy.0 = Release|Any CPU
		{B9477378-3DB2-498F-88F1-1D19AB0C4181}.AppStore|Any CPU.ActiveCfg = Release|Any CPU
		{B9477378-3DB2-498F-88F1-1D19AB0C4181}.AppStore|Any CPU.Build.0 = Release|Any CPU
		{B9477378-3DB2-498F-88F1-1D19AB0C4181}.AppStore|Any CPU.Deploy.0 = Release|Any CPU
		{B9477378-3DB2-498F-88F1-1D19AB0C4181}.AppStore|ARM.ActiveCfg = Release|Any CPU
		{B9477378-3DB2-498F-88F1-1D19AB0C4181}.AppStore|ARM.Build.0 = Release|Any CPU
		{B9477378-3DB2-498F-88F1-1D19AB0C4181}.AppStore|ARM.Deploy.0 = Release|Any CPU
		{B9477378-3DB2-498F-88F1-1D19AB0C4181}.AppStore|iPhone.ActiveCfg = Release|Any CPU
		{B9477378-3DB2-498F-88F1-1D19AB0C4181}.AppStore|iPhone.Build.0 = Release|Any CPU
		{B9477378-3DB2-498F-88F1-1D19AB0C4181}.AppStore|iPhone.Deploy.0 = Release|Any CPU
		{B9477378-3DB2-498F-88F1-1D19AB0C4181}.AppStore|iPhoneSimulator.ActiveCfg = Release|Any CPU
		{B9477378-3DB2-498F-88F1-1D19AB0C4181}.AppStore|iPhoneSimulator.Build.0 = Release|Any CPU
		{B9477378-3DB2-498F-88F1-1D19AB0C4181}.AppStore|iPhoneSimulator.Deploy.0 = Release|Any CPU
		{B9477378-3DB2-498F-88F1-1D19AB0C4181}.AppStore|x64.ActiveCfg = Release|Any CPU
		{B9477378-3DB2-498F-88F1-1D19AB0C4181}.AppStore|x64.Build.0 = Release|Any CPU
		{B9477378-3DB2-498F-88F1-1D19AB0C4181}.AppStore|x64.Deploy.0 = Release|Any CPU
		{B9477378-3DB2-498F-88F1-1D19AB0C4181}.AppStore|x86.ActiveCfg = Release|Any CPU
		{B9477378-3DB2-498F-88F1-1D19AB0C4181}.AppStore|x86.Build.0 = Release|Any CPU
		{B9477378-3DB2-498F-88F1-1D19AB0C4181}.AppStore|x86.Deploy.0 = Release|Any CPU
		{B9477378-3DB2-498F-88F1-1D19AB0C4181}.Debug|Any CPU.ActiveCfg = Debug|Any CPU
		{B9477378-3DB2-498F-88F1-1D19AB0C4181}.Debug|Any CPU.Build.0 = Debug|Any CPU
		{B9477378-3DB2-498F-88F1-1D19AB0C4181}.Debug|Any CPU.Deploy.0 = Debug|Any CPU
		{B9477378-3DB2-498F-88F1-1D19AB0C4181}.Debug|ARM.ActiveCfg = Debug|Any CPU
		{B9477378-3DB2-498F-88F1-1D19AB0C4181}.Debug|ARM.Build.0 = Debug|Any CPU
		{B9477378-3DB2-498F-88F1-1D19AB0C4181}.Debug|ARM.Deploy.0 = Debug|Any CPU
		{B9477378-3DB2-498F-88F1-1D19AB0C4181}.Debug|iPhone.ActiveCfg = Debug|Any CPU
		{B9477378-3DB2-498F-88F1-1D19AB0C4181}.Debug|iPhone.Build.0 = Debug|Any CPU
		{B9477378-3DB2-498F-88F1-1D19AB0C4181}.Debug|iPhone.Deploy.0 = Debug|Any CPU
		{B9477378-3DB2-498F-88F1-1D19AB0C4181}.Debug|iPhoneSimulator.ActiveCfg = Debug|Any CPU
		{B9477378-3DB2-498F-88F1-1D19AB0C4181}.Debug|iPhoneSimulator.Build.0 = Debug|Any CPU
		{B9477378-3DB2-498F-88F1-1D19AB0C4181}.Debug|iPhoneSimulator.Deploy.0 = Debug|Any CPU
		{B9477378-3DB2-498F-88F1-1D19AB0C4181}.Debug|x64.ActiveCfg = Debug|Any CPU
		{B9477378-3DB2-498F-88F1-1D19AB0C4181}.Debug|x64.Build.0 = Debug|Any CPU
		{B9477378-3DB2-498F-88F1-1D19AB0C4181}.Debug|x64.Deploy.0 = Debug|Any CPU
		{B9477378-3DB2-498F-88F1-1D19AB0C4181}.Debug|x86.ActiveCfg = Debug|Any CPU
		{B9477378-3DB2-498F-88F1-1D19AB0C4181}.Debug|x86.Build.0 = Debug|Any CPU
		{B9477378-3DB2-498F-88F1-1D19AB0C4181}.Debug|x86.Deploy.0 = Debug|Any CPU
		{B9477378-3DB2-498F-88F1-1D19AB0C4181}.Release|Any CPU.ActiveCfg = Release|Any CPU
		{B9477378-3DB2-498F-88F1-1D19AB0C4181}.Release|Any CPU.Build.0 = Release|Any CPU
		{B9477378-3DB2-498F-88F1-1D19AB0C4181}.Release|Any CPU.Deploy.0 = Release|Any CPU
		{B9477378-3DB2-498F-88F1-1D19AB0C4181}.Release|ARM.ActiveCfg = Release|Any CPU
		{B9477378-3DB2-498F-88F1-1D19AB0C4181}.Release|ARM.Build.0 = Release|Any CPU
		{B9477378-3DB2-498F-88F1-1D19AB0C4181}.Release|ARM.Deploy.0 = Release|Any CPU
		{B9477378-3DB2-498F-88F1-1D19AB0C4181}.Release|iPhone.ActiveCfg = Release|Any CPU
		{B9477378-3DB2-498F-88F1-1D19AB0C4181}.Release|iPhone.Build.0 = Release|Any CPU
		{B9477378-3DB2-498F-88F1-1D19AB0C4181}.Release|iPhone.Deploy.0 = Release|Any CPU
		{B9477378-3DB2-498F-88F1-1D19AB0C4181}.Release|iPhoneSimulator.ActiveCfg = Release|Any CPU
		{B9477378-3DB2-498F-88F1-1D19AB0C4181}.Release|iPhoneSimulator.Build.0 = Release|Any CPU
		{B9477378-3DB2-498F-88F1-1D19AB0C4181}.Release|iPhoneSimulator.Deploy.0 = Release|Any CPU
		{B9477378-3DB2-498F-88F1-1D19AB0C4181}.Release|x64.ActiveCfg = Release|Any CPU
		{B9477378-3DB2-498F-88F1-1D19AB0C4181}.Release|x64.Build.0 = Release|Any CPU
		{B9477378-3DB2-498F-88F1-1D19AB0C4181}.Release|x64.Deploy.0 = Release|Any CPU
		{B9477378-3DB2-498F-88F1-1D19AB0C4181}.Release|x86.ActiveCfg = Release|Any CPU
		{B9477378-3DB2-498F-88F1-1D19AB0C4181}.Release|x86.Build.0 = Release|Any CPU
		{B9477378-3DB2-498F-88F1-1D19AB0C4181}.Release|x86.Deploy.0 = Release|Any CPU
		{556C4138-835A-42A8-BC8C-A76A5C7A220B}.Ad-Hoc|Any CPU.ActiveCfg = Ad-Hoc|iPhone
		{556C4138-835A-42A8-BC8C-A76A5C7A220B}.Ad-Hoc|Any CPU.Build.0 = Ad-Hoc|iPhone
		{556C4138-835A-42A8-BC8C-A76A5C7A220B}.Ad-Hoc|Any CPU.Deploy.0 = Ad-Hoc|iPhone
		{556C4138-835A-42A8-BC8C-A76A5C7A220B}.Ad-Hoc|ARM.ActiveCfg = Ad-Hoc|iPhone
		{556C4138-835A-42A8-BC8C-A76A5C7A220B}.Ad-Hoc|ARM.Build.0 = Ad-Hoc|iPhone
		{556C4138-835A-42A8-BC8C-A76A5C7A220B}.Ad-Hoc|ARM.Deploy.0 = Ad-Hoc|iPhone
		{556C4138-835A-42A8-BC8C-A76A5C7A220B}.Ad-Hoc|iPhone.ActiveCfg = Ad-Hoc|iPhone
		{556C4138-835A-42A8-BC8C-A76A5C7A220B}.Ad-Hoc|iPhone.Build.0 = Ad-Hoc|iPhone
		{556C4138-835A-42A8-BC8C-A76A5C7A220B}.Ad-Hoc|iPhone.Deploy.0 = Ad-Hoc|iPhone
		{556C4138-835A-42A8-BC8C-A76A5C7A220B}.Ad-Hoc|iPhoneSimulator.ActiveCfg = Ad-Hoc|iPhoneSimulator
		{556C4138-835A-42A8-BC8C-A76A5C7A220B}.Ad-Hoc|iPhoneSimulator.Build.0 = Ad-Hoc|iPhoneSimulator
		{556C4138-835A-42A8-BC8C-A76A5C7A220B}.Ad-Hoc|iPhoneSimulator.Deploy.0 = Ad-Hoc|iPhoneSimulator
		{556C4138-835A-42A8-BC8C-A76A5C7A220B}.Ad-Hoc|x64.ActiveCfg = Ad-Hoc|iPhone
		{556C4138-835A-42A8-BC8C-A76A5C7A220B}.Ad-Hoc|x64.Build.0 = Ad-Hoc|iPhone
		{556C4138-835A-42A8-BC8C-A76A5C7A220B}.Ad-Hoc|x64.Deploy.0 = Ad-Hoc|iPhone
		{556C4138-835A-42A8-BC8C-A76A5C7A220B}.Ad-Hoc|x86.ActiveCfg = Ad-Hoc|iPhone
		{556C4138-835A-42A8-BC8C-A76A5C7A220B}.Ad-Hoc|x86.Build.0 = Ad-Hoc|iPhone
		{556C4138-835A-42A8-BC8C-A76A5C7A220B}.Ad-Hoc|x86.Deploy.0 = Ad-Hoc|iPhone
		{556C4138-835A-42A8-BC8C-A76A5C7A220B}.AppStore|Any CPU.ActiveCfg = AppStore|iPhone
		{556C4138-835A-42A8-BC8C-A76A5C7A220B}.AppStore|Any CPU.Build.0 = AppStore|iPhone
		{556C4138-835A-42A8-BC8C-A76A5C7A220B}.AppStore|Any CPU.Deploy.0 = AppStore|iPhone
		{556C4138-835A-42A8-BC8C-A76A5C7A220B}.AppStore|ARM.ActiveCfg = AppStore|iPhone
		{556C4138-835A-42A8-BC8C-A76A5C7A220B}.AppStore|ARM.Build.0 = AppStore|iPhone
		{556C4138-835A-42A8-BC8C-A76A5C7A220B}.AppStore|ARM.Deploy.0 = AppStore|iPhone
		{556C4138-835A-42A8-BC8C-A76A5C7A220B}.AppStore|iPhone.ActiveCfg = AppStore|iPhone
		{556C4138-835A-42A8-BC8C-A76A5C7A220B}.AppStore|iPhone.Build.0 = AppStore|iPhone
		{556C4138-835A-42A8-BC8C-A76A5C7A220B}.AppStore|iPhone.Deploy.0 = AppStore|iPhone
		{556C4138-835A-42A8-BC8C-A76A5C7A220B}.AppStore|iPhoneSimulator.ActiveCfg = AppStore|iPhoneSimulator
		{556C4138-835A-42A8-BC8C-A76A5C7A220B}.AppStore|iPhoneSimulator.Build.0 = AppStore|iPhoneSimulator
		{556C4138-835A-42A8-BC8C-A76A5C7A220B}.AppStore|iPhoneSimulator.Deploy.0 = AppStore|iPhoneSimulator
		{556C4138-835A-42A8-BC8C-A76A5C7A220B}.AppStore|x64.ActiveCfg = AppStore|iPhone
		{556C4138-835A-42A8-BC8C-A76A5C7A220B}.AppStore|x64.Build.0 = AppStore|iPhone
		{556C4138-835A-42A8-BC8C-A76A5C7A220B}.AppStore|x64.Deploy.0 = AppStore|iPhone
		{556C4138-835A-42A8-BC8C-A76A5C7A220B}.AppStore|x86.ActiveCfg = AppStore|iPhone
		{556C4138-835A-42A8-BC8C-A76A5C7A220B}.AppStore|x86.Build.0 = AppStore|iPhone
		{556C4138-835A-42A8-BC8C-A76A5C7A220B}.AppStore|x86.Deploy.0 = AppStore|iPhone
		{556C4138-835A-42A8-BC8C-A76A5C7A220B}.Debug|Any CPU.ActiveCfg = Debug|iPhoneSimulator
		{556C4138-835A-42A8-BC8C-A76A5C7A220B}.Debug|Any CPU.Build.0 = Debug|iPhoneSimulator
		{556C4138-835A-42A8-BC8C-A76A5C7A220B}.Debug|Any CPU.Deploy.0 = Debug|iPhoneSimulator
		{556C4138-835A-42A8-BC8C-A76A5C7A220B}.Debug|ARM.ActiveCfg = Debug|iPhone
		{556C4138-835A-42A8-BC8C-A76A5C7A220B}.Debug|ARM.Build.0 = Debug|iPhone
		{556C4138-835A-42A8-BC8C-A76A5C7A220B}.Debug|ARM.Deploy.0 = Debug|iPhone
		{556C4138-835A-42A8-BC8C-A76A5C7A220B}.Debug|iPhone.ActiveCfg = Debug|iPhone
		{556C4138-835A-42A8-BC8C-A76A5C7A220B}.Debug|iPhone.Build.0 = Debug|iPhone
		{556C4138-835A-42A8-BC8C-A76A5C7A220B}.Debug|iPhone.Deploy.0 = Debug|iPhone
		{556C4138-835A-42A8-BC8C-A76A5C7A220B}.Debug|iPhoneSimulator.ActiveCfg = Debug|iPhoneSimulator
		{556C4138-835A-42A8-BC8C-A76A5C7A220B}.Debug|iPhoneSimulator.Build.0 = Debug|iPhoneSimulator
		{556C4138-835A-42A8-BC8C-A76A5C7A220B}.Debug|iPhoneSimulator.Deploy.0 = Debug|iPhoneSimulator
		{556C4138-835A-42A8-BC8C-A76A5C7A220B}.Debug|x64.ActiveCfg = Debug|iPhone
		{556C4138-835A-42A8-BC8C-A76A5C7A220B}.Debug|x64.Build.0 = Debug|iPhone
		{556C4138-835A-42A8-BC8C-A76A5C7A220B}.Debug|x64.Deploy.0 = Debug|iPhone
		{556C4138-835A-42A8-BC8C-A76A5C7A220B}.Debug|x86.ActiveCfg = Debug|iPhone
		{556C4138-835A-42A8-BC8C-A76A5C7A220B}.Debug|x86.Build.0 = Debug|iPhone
		{556C4138-835A-42A8-BC8C-A76A5C7A220B}.Debug|x86.Deploy.0 = Debug|iPhone
		{556C4138-835A-42A8-BC8C-A76A5C7A220B}.Release|Any CPU.ActiveCfg = Release|iPhone
		{556C4138-835A-42A8-BC8C-A76A5C7A220B}.Release|Any CPU.Build.0 = Release|iPhone
		{556C4138-835A-42A8-BC8C-A76A5C7A220B}.Release|Any CPU.Deploy.0 = Release|iPhone
		{556C4138-835A-42A8-BC8C-A76A5C7A220B}.Release|ARM.ActiveCfg = Release|iPhone
		{556C4138-835A-42A8-BC8C-A76A5C7A220B}.Release|ARM.Build.0 = Release|iPhone
		{556C4138-835A-42A8-BC8C-A76A5C7A220B}.Release|ARM.Deploy.0 = Release|iPhone
		{556C4138-835A-42A8-BC8C-A76A5C7A220B}.Release|iPhone.ActiveCfg = Release|iPhone
		{556C4138-835A-42A8-BC8C-A76A5C7A220B}.Release|iPhone.Build.0 = Release|iPhone
		{556C4138-835A-42A8-BC8C-A76A5C7A220B}.Release|iPhone.Deploy.0 = Release|iPhone
		{556C4138-835A-42A8-BC8C-A76A5C7A220B}.Release|iPhoneSimulator.ActiveCfg = Release|iPhoneSimulator
		{556C4138-835A-42A8-BC8C-A76A5C7A220B}.Release|iPhoneSimulator.Build.0 = Release|iPhoneSimulator
		{556C4138-835A-42A8-BC8C-A76A5C7A220B}.Release|iPhoneSimulator.Deploy.0 = Release|iPhoneSimulator
		{556C4138-835A-42A8-BC8C-A76A5C7A220B}.Release|x64.ActiveCfg = Release|iPhone
		{556C4138-835A-42A8-BC8C-A76A5C7A220B}.Release|x64.Build.0 = Release|iPhone
		{556C4138-835A-42A8-BC8C-A76A5C7A220B}.Release|x64.Deploy.0 = Release|iPhone
		{556C4138-835A-42A8-BC8C-A76A5C7A220B}.Release|x86.ActiveCfg = Release|iPhone
		{556C4138-835A-42A8-BC8C-A76A5C7A220B}.Release|x86.Build.0 = Release|iPhone
		{556C4138-835A-42A8-BC8C-A76A5C7A220B}.Release|x86.Deploy.0 = Release|iPhone
		{27D8DD75-5E67-4098-8513-5CE2F5ED1A51}.Ad-Hoc|Any CPU.ActiveCfg = Release|x86
		{27D8DD75-5E67-4098-8513-5CE2F5ED1A51}.Ad-Hoc|Any CPU.Build.0 = Release|x86
		{27D8DD75-5E67-4098-8513-5CE2F5ED1A51}.Ad-Hoc|Any CPU.Deploy.0 = Release|x86
		{27D8DD75-5E67-4098-8513-5CE2F5ED1A51}.Ad-Hoc|ARM.ActiveCfg = Release|ARM
		{27D8DD75-5E67-4098-8513-5CE2F5ED1A51}.Ad-Hoc|ARM.Build.0 = Release|ARM
		{27D8DD75-5E67-4098-8513-5CE2F5ED1A51}.Ad-Hoc|ARM.Deploy.0 = Release|ARM
		{27D8DD75-5E67-4098-8513-5CE2F5ED1A51}.Ad-Hoc|iPhone.ActiveCfg = Release|x86
		{27D8DD75-5E67-4098-8513-5CE2F5ED1A51}.Ad-Hoc|iPhone.Build.0 = Release|x86
		{27D8DD75-5E67-4098-8513-5CE2F5ED1A51}.Ad-Hoc|iPhone.Deploy.0 = Release|x86
		{27D8DD75-5E67-4098-8513-5CE2F5ED1A51}.Ad-Hoc|iPhoneSimulator.ActiveCfg = Release|x86
		{27D8DD75-5E67-4098-8513-5CE2F5ED1A51}.Ad-Hoc|iPhoneSimulator.Build.0 = Release|x86
		{27D8DD75-5E67-4098-8513-5CE2F5ED1A51}.Ad-Hoc|iPhoneSimulator.Deploy.0 = Release|x86
		{27D8DD75-5E67-4098-8513-5CE2F5ED1A51}.Ad-Hoc|x64.ActiveCfg = Release|x64
		{27D8DD75-5E67-4098-8513-5CE2F5ED1A51}.Ad-Hoc|x64.Build.0 = Release|x64
		{27D8DD75-5E67-4098-8513-5CE2F5ED1A51}.Ad-Hoc|x64.Deploy.0 = Release|x64
		{27D8DD75-5E67-4098-8513-5CE2F5ED1A51}.Ad-Hoc|x86.ActiveCfg = Release|x86
		{27D8DD75-5E67-4098-8513-5CE2F5ED1A51}.Ad-Hoc|x86.Build.0 = Release|x86
		{27D8DD75-5E67-4098-8513-5CE2F5ED1A51}.Ad-Hoc|x86.Deploy.0 = Release|x86
		{27D8DD75-5E67-4098-8513-5CE2F5ED1A51}.AppStore|Any CPU.ActiveCfg = Release|x86
		{27D8DD75-5E67-4098-8513-5CE2F5ED1A51}.AppStore|Any CPU.Build.0 = Release|x86
		{27D8DD75-5E67-4098-8513-5CE2F5ED1A51}.AppStore|Any CPU.Deploy.0 = Release|x86
		{27D8DD75-5E67-4098-8513-5CE2F5ED1A51}.AppStore|ARM.ActiveCfg = Release|ARM
		{27D8DD75-5E67-4098-8513-5CE2F5ED1A51}.AppStore|ARM.Build.0 = Release|ARM
		{27D8DD75-5E67-4098-8513-5CE2F5ED1A51}.AppStore|ARM.Deploy.0 = Release|ARM
		{27D8DD75-5E67-4098-8513-5CE2F5ED1A51}.AppStore|iPhone.ActiveCfg = Release|x86
		{27D8DD75-5E67-4098-8513-5CE2F5ED1A51}.AppStore|iPhone.Build.0 = Release|x86
		{27D8DD75-5E67-4098-8513-5CE2F5ED1A51}.AppStore|iPhone.Deploy.0 = Release|x86
		{27D8DD75-5E67-4098-8513-5CE2F5ED1A51}.AppStore|iPhoneSimulator.ActiveCfg = Release|x86
		{27D8DD75-5E67-4098-8513-5CE2F5ED1A51}.AppStore|iPhoneSimulator.Build.0 = Release|x86
		{27D8DD75-5E67-4098-8513-5CE2F5ED1A51}.AppStore|iPhoneSimulator.Deploy.0 = Release|x86
		{27D8DD75-5E67-4098-8513-5CE2F5ED1A51}.AppStore|x64.ActiveCfg = Release|x64
		{27D8DD75-5E67-4098-8513-5CE2F5ED1A51}.AppStore|x64.Build.0 = Release|x64
		{27D8DD75-5E67-4098-8513-5CE2F5ED1A51}.AppStore|x64.Deploy.0 = Release|x64
		{27D8DD75-5E67-4098-8513-5CE2F5ED1A51}.AppStore|x86.ActiveCfg = Release|x86
		{27D8DD75-5E67-4098-8513-5CE2F5ED1A51}.AppStore|x86.Build.0 = Release|x86
		{27D8DD75-5E67-4098-8513-5CE2F5ED1A51}.AppStore|x86.Deploy.0 = Release|x86
		{27D8DD75-5E67-4098-8513-5CE2F5ED1A51}.Debug|Any CPU.ActiveCfg = Debug|x86
		{27D8DD75-5E67-4098-8513-5CE2F5ED1A51}.Debug|Any CPU.Build.0 = Debug|x86
		{27D8DD75-5E67-4098-8513-5CE2F5ED1A51}.Debug|Any CPU.Deploy.0 = Debug|x86
		{27D8DD75-5E67-4098-8513-5CE2F5ED1A51}.Debug|ARM.ActiveCfg = Debug|ARM
		{27D8DD75-5E67-4098-8513-5CE2F5ED1A51}.Debug|ARM.Build.0 = Debug|ARM
		{27D8DD75-5E67-4098-8513-5CE2F5ED1A51}.Debug|ARM.Deploy.0 = Debug|ARM
		{27D8DD75-5E67-4098-8513-5CE2F5ED1A51}.Debug|iPhone.ActiveCfg = Debug|x86
		{27D8DD75-5E67-4098-8513-5CE2F5ED1A51}.Debug|iPhone.Build.0 = Debug|x86
		{27D8DD75-5E67-4098-8513-5CE2F5ED1A51}.Debug|iPhone.Deploy.0 = Debug|x86
		{27D8DD75-5E67-4098-8513-5CE2F5ED1A51}.Debug|iPhoneSimulator.ActiveCfg = Debug|x86
		{27D8DD75-5E67-4098-8513-5CE2F5ED1A51}.Debug|iPhoneSimulator.Build.0 = Debug|x86
		{27D8DD75-5E67-4098-8513-5CE2F5ED1A51}.Debug|iPhoneSimulator.Deploy.0 = Debug|x86
		{27D8DD75-5E67-4098-8513-5CE2F5ED1A51}.Debug|x64.ActiveCfg = Debug|x64
		{27D8DD75-5E67-4098-8513-5CE2F5ED1A51}.Debug|x64.Build.0 = Debug|x64
		{27D8DD75-5E67-4098-8513-5CE2F5ED1A51}.Debug|x64.Deploy.0 = Debug|x64
		{27D8DD75-5E67-4098-8513-5CE2F5ED1A51}.Debug|x86.ActiveCfg = Debug|x86
		{27D8DD75-5E67-4098-8513-5CE2F5ED1A51}.Debug|x86.Build.0 = Debug|x86
		{27D8DD75-5E67-4098-8513-5CE2F5ED1A51}.Debug|x86.Deploy.0 = Debug|x86
		{27D8DD75-5E67-4098-8513-5CE2F5ED1A51}.Release|Any CPU.ActiveCfg = Release|x86
		{27D8DD75-5E67-4098-8513-5CE2F5ED1A51}.Release|Any CPU.Build.0 = Release|x86
		{27D8DD75-5E67-4098-8513-5CE2F5ED1A51}.Release|Any CPU.Deploy.0 = Release|x86
		{27D8DD75-5E67-4098-8513-5CE2F5ED1A51}.Release|ARM.ActiveCfg = Release|ARM
		{27D8DD75-5E67-4098-8513-5CE2F5ED1A51}.Release|ARM.Build.0 = Release|ARM
		{27D8DD75-5E67-4098-8513-5CE2F5ED1A51}.Release|ARM.Deploy.0 = Release|ARM
		{27D8DD75-5E67-4098-8513-5CE2F5ED1A51}.Release|iPhone.ActiveCfg = Release|x86
		{27D8DD75-5E67-4098-8513-5CE2F5ED1A51}.Release|iPhone.Build.0 = Release|x86
		{27D8DD75-5E67-4098-8513-5CE2F5ED1A51}.Release|iPhone.Deploy.0 = Release|x86
		{27D8DD75-5E67-4098-8513-5CE2F5ED1A51}.Release|iPhoneSimulator.ActiveCfg = Release|x86
		{27D8DD75-5E67-4098-8513-5CE2F5ED1A51}.Release|iPhoneSimulator.Build.0 = Release|x86
		{27D8DD75-5E67-4098-8513-5CE2F5ED1A51}.Release|iPhoneSimulator.Deploy.0 = Release|x86
		{27D8DD75-5E67-4098-8513-5CE2F5ED1A51}.Release|x64.ActiveCfg = Release|x64
		{27D8DD75-5E67-4098-8513-5CE2F5ED1A51}.Release|x64.Build.0 = Release|x64
		{27D8DD75-5E67-4098-8513-5CE2F5ED1A51}.Release|x64.Deploy.0 = Release|x64
		{27D8DD75-5E67-4098-8513-5CE2F5ED1A51}.Release|x86.ActiveCfg = Release|x86
		{27D8DD75-5E67-4098-8513-5CE2F5ED1A51}.Release|x86.Build.0 = Release|x86
		{27D8DD75-5E67-4098-8513-5CE2F5ED1A51}.Release|x86.Deploy.0 = Release|x86
		{515B0AEA-6144-4628-98E0-8A05246765FB}.Ad-Hoc|Any CPU.ActiveCfg = Debug|Any CPU
		{515B0AEA-6144-4628-98E0-8A05246765FB}.Ad-Hoc|Any CPU.Build.0 = Debug|Any CPU
		{515B0AEA-6144-4628-98E0-8A05246765FB}.Ad-Hoc|Any CPU.Deploy.0 = Debug|Any CPU
		{515B0AEA-6144-4628-98E0-8A05246765FB}.Ad-Hoc|ARM.ActiveCfg = Debug|Any CPU
		{515B0AEA-6144-4628-98E0-8A05246765FB}.Ad-Hoc|ARM.Build.0 = Debug|Any CPU
		{515B0AEA-6144-4628-98E0-8A05246765FB}.Ad-Hoc|ARM.Deploy.0 = Debug|Any CPU
		{515B0AEA-6144-4628-98E0-8A05246765FB}.Ad-Hoc|iPhone.ActiveCfg = Debug|Any CPU
		{515B0AEA-6144-4628-98E0-8A05246765FB}.Ad-Hoc|iPhone.Build.0 = Debug|Any CPU
		{515B0AEA-6144-4628-98E0-8A05246765FB}.Ad-Hoc|iPhone.Deploy.0 = Debug|Any CPU
		{515B0AEA-6144-4628-98E0-8A05246765FB}.Ad-Hoc|iPhoneSimulator.ActiveCfg = Debug|Any CPU
		{515B0AEA-6144-4628-98E0-8A05246765FB}.Ad-Hoc|iPhoneSimulator.Build.0 = Debug|Any CPU
		{515B0AEA-6144-4628-98E0-8A05246765FB}.Ad-Hoc|iPhoneSimulator.Deploy.0 = Debug|Any CPU
		{515B0AEA-6144-4628-98E0-8A05246765FB}.Ad-Hoc|x64.ActiveCfg = Debug|Any CPU
		{515B0AEA-6144-4628-98E0-8A05246765FB}.Ad-Hoc|x64.Build.0 = Debug|Any CPU
		{515B0AEA-6144-4628-98E0-8A05246765FB}.Ad-Hoc|x64.Deploy.0 = Debug|Any CPU
		{515B0AEA-6144-4628-98E0-8A05246765FB}.Ad-Hoc|x86.ActiveCfg = Debug|Any CPU
		{515B0AEA-6144-4628-98E0-8A05246765FB}.Ad-Hoc|x86.Build.0 = Debug|Any CPU
		{515B0AEA-6144-4628-98E0-8A05246765FB}.Ad-Hoc|x86.Deploy.0 = Debug|Any CPU
		{515B0AEA-6144-4628-98E0-8A05246765FB}.AppStore|Any CPU.ActiveCfg = Debug|Any CPU
		{515B0AEA-6144-4628-98E0-8A05246765FB}.AppStore|Any CPU.Build.0 = Debug|Any CPU
		{515B0AEA-6144-4628-98E0-8A05246765FB}.AppStore|Any CPU.Deploy.0 = Debug|Any CPU
		{515B0AEA-6144-4628-98E0-8A05246765FB}.AppStore|ARM.ActiveCfg = Debug|Any CPU
		{515B0AEA-6144-4628-98E0-8A05246765FB}.AppStore|ARM.Build.0 = Debug|Any CPU
		{515B0AEA-6144-4628-98E0-8A05246765FB}.AppStore|ARM.Deploy.0 = Debug|Any CPU
		{515B0AEA-6144-4628-98E0-8A05246765FB}.AppStore|iPhone.ActiveCfg = Debug|Any CPU
		{515B0AEA-6144-4628-98E0-8A05246765FB}.AppStore|iPhone.Build.0 = Debug|Any CPU
		{515B0AEA-6144-4628-98E0-8A05246765FB}.AppStore|iPhone.Deploy.0 = Debug|Any CPU
		{515B0AEA-6144-4628-98E0-8A05246765FB}.AppStore|iPhoneSimulator.ActiveCfg = Debug|Any CPU
		{515B0AEA-6144-4628-98E0-8A05246765FB}.AppStore|iPhoneSimulator.Build.0 = Debug|Any CPU
		{515B0AEA-6144-4628-98E0-8A05246765FB}.AppStore|iPhoneSimulator.Deploy.0 = Debug|Any CPU
		{515B0AEA-6144-4628-98E0-8A05246765FB}.AppStore|x64.ActiveCfg = Debug|Any CPU
		{515B0AEA-6144-4628-98E0-8A05246765FB}.AppStore|x64.Build.0 = Debug|Any CPU
		{515B0AEA-6144-4628-98E0-8A05246765FB}.AppStore|x64.Deploy.0 = Debug|Any CPU
		{515B0AEA-6144-4628-98E0-8A05246765FB}.AppStore|x86.ActiveCfg = Debug|Any CPU
		{515B0AEA-6144-4628-98E0-8A05246765FB}.AppStore|x86.Build.0 = Debug|Any CPU
		{515B0AEA-6144-4628-98E0-8A05246765FB}.AppStore|x86.Deploy.0 = Debug|Any CPU
		{515B0AEA-6144-4628-98E0-8A05246765FB}.Debug|Any CPU.ActiveCfg = Debug|Any CPU
		{515B0AEA-6144-4628-98E0-8A05246765FB}.Debug|Any CPU.Build.0 = Debug|Any CPU
		{515B0AEA-6144-4628-98E0-8A05246765FB}.Debug|Any CPU.Deploy.0 = Debug|Any CPU
		{515B0AEA-6144-4628-98E0-8A05246765FB}.Debug|ARM.ActiveCfg = Debug|Any CPU
		{515B0AEA-6144-4628-98E0-8A05246765FB}.Debug|ARM.Build.0 = Debug|Any CPU
		{515B0AEA-6144-4628-98E0-8A05246765FB}.Debug|ARM.Deploy.0 = Debug|Any CPU
		{515B0AEA-6144-4628-98E0-8A05246765FB}.Debug|iPhone.ActiveCfg = Debug|Any CPU
		{515B0AEA-6144-4628-98E0-8A05246765FB}.Debug|iPhone.Build.0 = Debug|Any CPU
		{515B0AEA-6144-4628-98E0-8A05246765FB}.Debug|iPhone.Deploy.0 = Debug|Any CPU
		{515B0AEA-6144-4628-98E0-8A05246765FB}.Debug|iPhoneSimulator.ActiveCfg = Debug|Any CPU
		{515B0AEA-6144-4628-98E0-8A05246765FB}.Debug|iPhoneSimulator.Build.0 = Debug|Any CPU
		{515B0AEA-6144-4628-98E0-8A05246765FB}.Debug|iPhoneSimulator.Deploy.0 = Debug|Any CPU
		{515B0AEA-6144-4628-98E0-8A05246765FB}.Debug|x64.ActiveCfg = Debug|Any CPU
		{515B0AEA-6144-4628-98E0-8A05246765FB}.Debug|x64.Build.0 = Debug|Any CPU
		{515B0AEA-6144-4628-98E0-8A05246765FB}.Debug|x64.Deploy.0 = Debug|Any CPU
		{515B0AEA-6144-4628-98E0-8A05246765FB}.Debug|x86.ActiveCfg = Debug|Any CPU
		{515B0AEA-6144-4628-98E0-8A05246765FB}.Debug|x86.Build.0 = Debug|Any CPU
		{515B0AEA-6144-4628-98E0-8A05246765FB}.Debug|x86.Deploy.0 = Debug|Any CPU
		{515B0AEA-6144-4628-98E0-8A05246765FB}.Release|Any CPU.ActiveCfg = Release|Any CPU
		{515B0AEA-6144-4628-98E0-8A05246765FB}.Release|Any CPU.Build.0 = Release|Any CPU
		{515B0AEA-6144-4628-98E0-8A05246765FB}.Release|Any CPU.Deploy.0 = Release|Any CPU
		{515B0AEA-6144-4628-98E0-8A05246765FB}.Release|ARM.ActiveCfg = Release|Any CPU
		{515B0AEA-6144-4628-98E0-8A05246765FB}.Release|ARM.Build.0 = Release|Any CPU
		{515B0AEA-6144-4628-98E0-8A05246765FB}.Release|ARM.Deploy.0 = Release|Any CPU
		{515B0AEA-6144-4628-98E0-8A05246765FB}.Release|iPhone.ActiveCfg = Release|Any CPU
		{515B0AEA-6144-4628-98E0-8A05246765FB}.Release|iPhone.Build.0 = Release|Any CPU
		{515B0AEA-6144-4628-98E0-8A05246765FB}.Release|iPhone.Deploy.0 = Release|Any CPU
		{515B0AEA-6144-4628-98E0-8A05246765FB}.Release|iPhoneSimulator.ActiveCfg = Release|Any CPU
		{515B0AEA-6144-4628-98E0-8A05246765FB}.Release|iPhoneSimulator.Build.0 = Release|Any CPU
		{515B0AEA-6144-4628-98E0-8A05246765FB}.Release|iPhoneSimulator.Deploy.0 = Release|Any CPU
		{515B0AEA-6144-4628-98E0-8A05246765FB}.Release|x64.ActiveCfg = Release|Any CPU
		{515B0AEA-6144-4628-98E0-8A05246765FB}.Release|x64.Build.0 = Release|Any CPU
		{515B0AEA-6144-4628-98E0-8A05246765FB}.Release|x64.Deploy.0 = Release|Any CPU
		{515B0AEA-6144-4628-98E0-8A05246765FB}.Release|x86.ActiveCfg = Release|Any CPU
		{515B0AEA-6144-4628-98E0-8A05246765FB}.Release|x86.Build.0 = Release|Any CPU
		{515B0AEA-6144-4628-98E0-8A05246765FB}.Release|x86.Deploy.0 = Release|Any CPU
	EndGlobalSection
	GlobalSection(SolutionProperties) = preSolution
		HideSolutionNode = FALSE
	EndGlobalSection
	GlobalSection(ExtensibilityGlobals) = postSolution
		SolutionGuid = {832E3790-E2E5-4FF4-953B-2172DACDDF83}
	EndGlobalSection
EndGlobal
